// !$*UTF8*$!
{
	archiveVersion = 1;
	classes = {
	};
	objectVersion = 50;
	objects = {

/* Begin PBXBuildFile section */
		F436331A23FC9733005C2490 /* DayThree.swift in Sources */ = {isa = PBXBuildFile; fileRef = F44DC58B23F9EE26008C99A3 /* DayThree.swift */; };
		F44DC58A23F9C9FD008C99A3 /* TestDayThree.swift in Sources */ = {isa = PBXBuildFile; fileRef = F44DC58923F9C9FD008C99A3 /* TestDayThree.swift */; };
		F44DC58C23F9EE26008C99A3 /* DayThree.swift in Sources */ = {isa = PBXBuildFile; fileRef = F44DC58B23F9EE26008C99A3 /* DayThree.swift */; };
		F46C6EEE23F960A60003DC2D /* DayOne.swift in Sources */ = {isa = PBXBuildFile; fileRef = F46C6EED23F960A60003DC2D /* DayOne.swift */; };
		F46C6EEF23F9684D0003DC2D /* DayOne.swift in Sources */ = {isa = PBXBuildFile; fileRef = F46C6EED23F960A60003DC2D /* DayOne.swift */; };
		F46C6EF123F96CDE0003DC2D /* DayTwo.swift in Sources */ = {isa = PBXBuildFile; fileRef = F46C6EF023F96CDE0003DC2D /* DayTwo.swift */; };
		F46C6EF223F96ED80003DC2D /* DayTwo.swift in Sources */ = {isa = PBXBuildFile; fileRef = F46C6EF023F96CDE0003DC2D /* DayTwo.swift */; };
		F4745B9E240306AC00A76573 /* TestDayFour.swift in Sources */ = {isa = PBXBuildFile; fileRef = F4745B9D240306AC00A76573 /* TestDayFour.swift */; };
		F4745BA02403087900A76573 /* DayFour.swift in Sources */ = {isa = PBXBuildFile; fileRef = F4745B9F2403087900A76573 /* DayFour.swift */; };
		F4745BA12403087900A76573 /* DayFour.swift in Sources */ = {isa = PBXBuildFile; fileRef = F4745B9F2403087900A76573 /* DayFour.swift */; };
		F4AC0DEE2409A58D0033F65D /* TestDayFive.swift in Sources */ = {isa = PBXBuildFile; fileRef = F4AC0DED2409A58D0033F65D /* TestDayFive.swift */; };
		F4AC0DF02409A59D0033F65D /* DayFive.swift in Sources */ = {isa = PBXBuildFile; fileRef = F4AC0DEF2409A59D0033F65D /* DayFive.swift */; };
		F4AC0DF12409A59D0033F65D /* DayFive.swift in Sources */ = {isa = PBXBuildFile; fileRef = F4AC0DEF2409A59D0033F65D /* DayFive.swift */; };
		F4DBA5D823F4A06400438201 /* main.swift in Sources */ = {isa = PBXBuildFile; fileRef = F4DBA5D723F4A06400438201 /* main.swift */; };
		F4DBA5E623F4A23800438201 /* Tests.swift in Sources */ = {isa = PBXBuildFile; fileRef = F4DBA5E523F4A23800438201 /* Tests.swift */; };
		F4DBA5EC23F4A3EC00438201 /* main.swift in Sources */ = {isa = PBXBuildFile; fileRef = F4DBA5D723F4A06400438201 /* main.swift */; };
		F4F9733923F743B00092D992 /* TestDayTwo.swift in Sources */ = {isa = PBXBuildFile; fileRef = F4F9733823F743B00092D992 /* TestDayTwo.swift */; };
/* End PBXBuildFile section */

/* Begin PBXCopyFilesBuildPhase section */
		F4DBA5D223F4A06400438201 /* CopyFiles */ = {
			isa = PBXCopyFilesBuildPhase;
			buildActionMask = 2147483647;
			dstPath = /usr/share/man/man1/;
			dstSubfolderSpec = 0;
			files = (
			);
			runOnlyForDeploymentPostprocessing = 1;
		};
/* End PBXCopyFilesBuildPhase section */

/* Begin PBXFileReference section */
		F44DC58923F9C9FD008C99A3 /* TestDayThree.swift */ = {isa = PBXFileReference; lastKnownFileType = sourcecode.swift; path = TestDayThree.swift; sourceTree = "<group>"; };
		F44DC58B23F9EE26008C99A3 /* DayThree.swift */ = {isa = PBXFileReference; lastKnownFileType = sourcecode.swift; path = DayThree.swift; sourceTree = "<group>"; };
		F46C6EED23F960A60003DC2D /* DayOne.swift */ = {isa = PBXFileReference; lastKnownFileType = sourcecode.swift; path = DayOne.swift; sourceTree = "<group>"; };
		F46C6EF023F96CDE0003DC2D /* DayTwo.swift */ = {isa = PBXFileReference; lastKnownFileType = sourcecode.swift; path = DayTwo.swift; sourceTree = "<group>"; };
		F4745B9D240306AC00A76573 /* TestDayFour.swift */ = {isa = PBXFileReference; lastKnownFileType = sourcecode.swift; path = TestDayFour.swift; sourceTree = "<group>"; };
		F4745B9F2403087900A76573 /* DayFour.swift */ = {isa = PBXFileReference; lastKnownFileType = sourcecode.swift; path = DayFour.swift; sourceTree = "<group>"; };
		F4AC0DED2409A58D0033F65D /* TestDayFive.swift */ = {isa = PBXFileReference; lastKnownFileType = sourcecode.swift; path = TestDayFive.swift; sourceTree = "<group>"; };
		F4AC0DEF2409A59D0033F65D /* DayFive.swift */ = {isa = PBXFileReference; lastKnownFileType = sourcecode.swift; path = DayFive.swift; sourceTree = "<group>"; };
		F4AC0DF22409A7780033F65D /* input_day5.txt */ = {isa = PBXFileReference; fileEncoding = 4; lastKnownFileType = text; path = input_day5.txt; sourceTree = "<group>"; };
		F4D95D48240865F7006BA22A /* input_day3.txt */ = {isa = PBXFileReference; fileEncoding = 4; lastKnownFileType = text; path = input_day3.txt; sourceTree = "<group>"; };
		F4DBA5D423F4A06400438201 /* AdventOfCode */ = {isa = PBXFileReference; explicitFileType = "compiled.mach-o.executable"; includeInIndex = 0; path = AdventOfCode; sourceTree = BUILT_PRODUCTS_DIR; };
		F4DBA5D723F4A06400438201 /* main.swift */ = {isa = PBXFileReference; lastKnownFileType = sourcecode.swift; path = main.swift; sourceTree = "<group>"; };
		F4DBA5E323F4A23800438201 /* Tests.xctest */ = {isa = PBXFileReference; explicitFileType = wrapper.cfbundle; includeInIndex = 0; path = Tests.xctest; sourceTree = BUILT_PRODUCTS_DIR; };
		F4DBA5E523F4A23800438201 /* Tests.swift */ = {isa = PBXFileReference; lastKnownFileType = sourcecode.swift; path = Tests.swift; sourceTree = "<group>"; };
		F4DBA5E723F4A23800438201 /* Info.plist */ = {isa = PBXFileReference; lastKnownFileType = text.plist.xml; path = Info.plist; sourceTree = "<group>"; };
		F4F9733823F743B00092D992 /* TestDayTwo.swift */ = {isa = PBXFileReference; lastKnownFileType = sourcecode.swift; path = TestDayTwo.swift; sourceTree = "<group>"; };
		F4F9733B23F744020092D992 /* input_day1.txt */ = {isa = PBXFileReference; lastKnownFileType = text; path = input_day1.txt; sourceTree = "<group>"; };
		F4F9733C23F744130092D992 /* input_day2.txt */ = {isa = PBXFileReference; lastKnownFileType = text; path = input_day2.txt; sourceTree = "<group>"; };
/* End PBXFileReference section */

/* Begin PBXFrameworksBuildPhase section */
		F4DBA5D123F4A06400438201 /* Frameworks */ = {
			isa = PBXFrameworksBuildPhase;
			buildActionMask = 2147483647;
			files = (
			);
			runOnlyForDeploymentPostprocessing = 0;
		};
		F4DBA5E023F4A23800438201 /* Frameworks */ = {
			isa = PBXFrameworksBuildPhase;
			buildActionMask = 2147483647;
			files = (
			);
			runOnlyForDeploymentPostprocessing = 0;
		};
/* End PBXFrameworksBuildPhase section */

/* Begin PBXGroup section */
		F44DC58823F9C9C0008C99A3 /* Day Three */ = {
			isa = PBXGroup;
			children = (
				F44DC58923F9C9FD008C99A3 /* TestDayThree.swift */,
			);
			path = "Day Three";
			sourceTree = "<group>";
		};
		F4745B9C2403066C00A76573 /* Day Four */ = {
			isa = PBXGroup;
			children = (
				F4745B9D240306AC00A76573 /* TestDayFour.swift */,
			);
			path = "Day Four";
			sourceTree = "<group>";
		};
		F4AC0DEC2409A55A0033F65D /* Day Five */ = {
			isa = PBXGroup;
			children = (
				F4AC0DED2409A58D0033F65D /* TestDayFive.swift */,
			);
			path = "Day Five";
			sourceTree = "<group>";
		};
		F4DBA5CB23F4A06400438201 = {
			isa = PBXGroup;
			children = (
				F4F9733A23F743EB0092D992 /* Inputs */,
				F4DBA5D623F4A06400438201 /* AdventOfCode */,
				F4DBA5E423F4A23800438201 /* Tests */,
				F4DBA5D523F4A06400438201 /* Products */,
			);
			sourceTree = "<group>";
		};
		F4DBA5D523F4A06400438201 /* Products */ = {
			isa = PBXGroup;
			children = (
				F4DBA5D423F4A06400438201 /* AdventOfCode */,
				F4DBA5E323F4A23800438201 /* Tests.xctest */,
			);
			name = Products;
			sourceTree = "<group>";
		};
		F4DBA5D623F4A06400438201 /* AdventOfCode */ = {
			isa = PBXGroup;
			children = (
				F4DBA5D723F4A06400438201 /* main.swift */,
				F46C6EED23F960A60003DC2D /* DayOne.swift */,
				F46C6EF023F96CDE0003DC2D /* DayTwo.swift */,
				F44DC58B23F9EE26008C99A3 /* DayThree.swift */,
				F4745B9F2403087900A76573 /* DayFour.swift */,
				F4AC0DEF2409A59D0033F65D /* DayFive.swift */,
			);
			path = AdventOfCode;
			sourceTree = "<group>";
		};
		F4DBA5E423F4A23800438201 /* Tests */ = {
			isa = PBXGroup;
			children = (
				F4AC0DEC2409A55A0033F65D /* Day Five */,
				F4745B9C2403066C00A76573 /* Day Four */,
				F44DC58823F9C9C0008C99A3 /* Day Three */,
				F4F9733523F743410092D992 /* DayTwo */,
				F4F9733323F736E40092D992 /* DayOne */,
				F4DBA5E723F4A23800438201 /* Info.plist */,
			);
			path = Tests;
			sourceTree = "<group>";
		};
		F4F9733323F736E40092D992 /* DayOne */ = {
			isa = PBXGroup;
			children = (
				F4DBA5E523F4A23800438201 /* Tests.swift */,
			);
			path = DayOne;
			sourceTree = "<group>";
		};
		F4F9733523F743410092D992 /* DayTwo */ = {
			isa = PBXGroup;
			children = (
				F4F9733823F743B00092D992 /* TestDayTwo.swift */,
			);
			path = DayTwo;
			sourceTree = "<group>";
		};
		F4F9733A23F743EB0092D992 /* Inputs */ = {
			isa = PBXGroup;
			children = (
				F4AC0DF22409A7780033F65D /* input_day5.txt */,
				F4F9733C23F744130092D992 /* input_day2.txt */,
				F4F9733B23F744020092D992 /* input_day1.txt */,
				F4D95D48240865F7006BA22A /* input_day3.txt */,
			);
			path = Inputs;
			sourceTree = "<group>";
		};
/* End PBXGroup section */

/* Begin PBXNativeTarget section */
		F4DBA5D323F4A06400438201 /* AdventOfCode */ = {
			isa = PBXNativeTarget;
			buildConfigurationList = F4DBA5DB23F4A06400438201 /* Build configuration list for PBXNativeTarget "AdventOfCode" */;
			buildPhases = (
				F4DBA5D023F4A06400438201 /* Sources */,
				F4DBA5D123F4A06400438201 /* Frameworks */,
				F4DBA5D223F4A06400438201 /* CopyFiles */,
				F41324C6240AF55D005AE3CE /* ShellScript */,
			);
			buildRules = (
			);
			dependencies = (
			);
			name = AdventOfCode;
			productName = AdventOfCode;
			productReference = F4DBA5D423F4A06400438201 /* AdventOfCode */;
			productType = "com.apple.product-type.tool";
		};
		F4DBA5E223F4A23800438201 /* Tests */ = {
			isa = PBXNativeTarget;
			buildConfigurationList = F4DBA5E823F4A23800438201 /* Build configuration list for PBXNativeTarget "Tests" */;
			buildPhases = (
				F4DBA5DF23F4A23800438201 /* Sources */,
				F4DBA5E023F4A23800438201 /* Frameworks */,
				F4DBA5E123F4A23800438201 /* Resources */,
			);
			buildRules = (
			);
			dependencies = (
			);
			name = Tests;
			productName = Tests;
			productReference = F4DBA5E323F4A23800438201 /* Tests.xctest */;
			productType = "com.apple.product-type.bundle.unit-test";
		};
/* End PBXNativeTarget section */

/* Begin PBXProject section */
		F4DBA5CC23F4A06400438201 /* Project object */ = {
			isa = PBXProject;
			attributes = {
				LastSwiftUpdateCheck = 1130;
				LastUpgradeCheck = 1130;
				ORGANIZATIONNAME = "Harold Dyson";
				TargetAttributes = {
					F4DBA5D323F4A06400438201 = {
						CreatedOnToolsVersion = 11.3.1;
					};
					F4DBA5E223F4A23800438201 = {
						CreatedOnToolsVersion = 11.3.1;
					};
				};
			};
			buildConfigurationList = F4DBA5CF23F4A06400438201 /* Build configuration list for PBXProject "AdventOfCode" */;
			compatibilityVersion = "Xcode 9.3";
			developmentRegion = en;
			hasScannedForEncodings = 0;
			knownRegions = (
				en,
				Base,
			);
			mainGroup = F4DBA5CB23F4A06400438201;
			productRefGroup = F4DBA5D523F4A06400438201 /* Products */;
			projectDirPath = "";
			projectRoot = "";
			targets = (
				F4DBA5D323F4A06400438201 /* AdventOfCode */,
				F4DBA5E223F4A23800438201 /* Tests */,
			);
		};
/* End PBXProject section */

/* Begin PBXResourcesBuildPhase section */
		F4DBA5E123F4A23800438201 /* Resources */ = {
			isa = PBXResourcesBuildPhase;
			buildActionMask = 2147483647;
			files = (
			);
			runOnlyForDeploymentPostprocessing = 0;
		};
/* End PBXResourcesBuildPhase section */

/* Begin PBXShellScriptBuildPhase section */
		F41324C6240AF55D005AE3CE /* ShellScript */ = {
			isa = PBXShellScriptBuildPhase;
			buildActionMask = 2147483647;
			files = (
			);
			inputFileListPaths = (
			);
			inputPaths = (
			);
			outputFileListPaths = (
			);
			outputPaths = (
			);
			runOnlyForDeploymentPostprocessing = 0;
			shellPath = /bin/sh;
			shellScript = "if which swiftlint >/dev/null; then\n  swiftlint\nelse\n  echo \"warning: SwiftLint not installed, download from https://github.com/realm/SwiftLint\"\nfi\n";
		};
/* End PBXShellScriptBuildPhase section */

/* Begin PBXSourcesBuildPhase section */
		F4DBA5D023F4A06400438201 /* Sources */ = {
			isa = PBXSourcesBuildPhase;
			buildActionMask = 2147483647;
			files = (
				F4745BA02403087900A76573 /* DayFour.swift in Sources */,
				F4DBA5D823F4A06400438201 /* main.swift in Sources */,
				F46C6EF123F96CDE0003DC2D /* DayTwo.swift in Sources */,
				F46C6EEE23F960A60003DC2D /* DayOne.swift in Sources */,
				F4AC0DF02409A59D0033F65D /* DayFive.swift in Sources */,
				F44DC58C23F9EE26008C99A3 /* DayThree.swift in Sources */,
			);
			runOnlyForDeploymentPostprocessing = 0;
		};
		F4DBA5DF23F4A23800438201 /* Sources */ = {
			isa = PBXSourcesBuildPhase;
			buildActionMask = 2147483647;
			files = (
				F46C6EF223F96ED80003DC2D /* DayTwo.swift in Sources */,
				F44DC58A23F9C9FD008C99A3 /* TestDayThree.swift in Sources */,
				F436331A23FC9733005C2490 /* DayThree.swift in Sources */,
				F4745BA12403087900A76573 /* DayFour.swift in Sources */,
				F4DBA5EC23F4A3EC00438201 /* main.swift in Sources */,
				F4DBA5E623F4A23800438201 /* Tests.swift in Sources */,
				F4AC0DEE2409A58D0033F65D /* TestDayFive.swift in Sources */,
				F4F9733923F743B00092D992 /* TestDayTwo.swift in Sources */,
				F4745B9E240306AC00A76573 /* TestDayFour.swift in Sources */,
				F4AC0DF12409A59D0033F65D /* DayFive.swift in Sources */,
				F46C6EEF23F9684D0003DC2D /* DayOne.swift in Sources */,
			);
			runOnlyForDeploymentPostprocessing = 0;
		};
/* End PBXSourcesBuildPhase section */

/* Begin XCBuildConfiguration section */
		F4DBA5D923F4A06400438201 /* Debug */ = {
			isa = XCBuildConfiguration;
			buildSettings = {
				ALWAYS_SEARCH_USER_PATHS = NO;
				CLANG_ANALYZER_NONNULL = YES;
				CLANG_ANALYZER_NUMBER_OBJECT_CONVERSION = YES_AGGRESSIVE;
				CLANG_CXX_LANGUAGE_STANDARD = "gnu++14";
				CLANG_CXX_LIBRARY = "libc++";
				CLANG_ENABLE_MODULES = YES;
				CLANG_ENABLE_OBJC_ARC = YES;
				CLANG_ENABLE_OBJC_WEAK = YES;
				CLANG_WARN_BLOCK_CAPTURE_AUTORELEASING = YES;
				CLANG_WARN_BOOL_CONVERSION = YES;
				CLANG_WARN_COMMA = YES;
				CLANG_WARN_CONSTANT_CONVERSION = YES;
				CLANG_WARN_DEPRECATED_OBJC_IMPLEMENTATIONS = YES;
				CLANG_WARN_DIRECT_OBJC_ISA_USAGE = YES_ERROR;
				CLANG_WARN_DOCUMENTATION_COMMENTS = YES;
				CLANG_WARN_EMPTY_BODY = YES;
				CLANG_WARN_ENUM_CONVERSION = YES;
				CLANG_WARN_INFINITE_RECURSION = YES;
				CLANG_WARN_INT_CONVERSION = YES;
				CLANG_WARN_NON_LITERAL_NULL_CONVERSION = YES;
				CLANG_WARN_OBJC_IMPLICIT_RETAIN_SELF = YES;
				CLANG_WARN_OBJC_LITERAL_CONVERSION = YES;
				CLANG_WARN_OBJC_ROOT_CLASS = YES_ERROR;
				CLANG_WARN_RANGE_LOOP_ANALYSIS = YES;
				CLANG_WARN_STRICT_PROTOTYPES = YES;
				CLANG_WARN_SUSPICIOUS_MOVE = YES;
				CLANG_WARN_UNGUARDED_AVAILABILITY = YES_AGGRESSIVE;
				CLANG_WARN_UNREACHABLE_CODE = YES;
				CLANG_WARN__DUPLICATE_METHOD_MATCH = YES;
				COPY_PHASE_STRIP = NO;
				DEBUG_INFORMATION_FORMAT = dwarf;
				ENABLE_STRICT_OBJC_MSGSEND = YES;
				ENABLE_TESTABILITY = YES;
				GCC_C_LANGUAGE_STANDARD = gnu11;
				GCC_DYNAMIC_NO_PIC = NO;
				GCC_NO_COMMON_BLOCKS = YES;
				GCC_OPTIMIZATION_LEVEL = 0;
				GCC_PREPROCESSOR_DEFINITIONS = (
					"DEBUG=1",
					"$(inherited)",
				);
				GCC_WARN_64_TO_32_BIT_CONVERSION = YES;
				GCC_WARN_ABOUT_RETURN_TYPE = YES_ERROR;
				GCC_WARN_UNDECLARED_SELECTOR = YES;
				GCC_WARN_UNINITIALIZED_AUTOS = YES_AGGRESSIVE;
				GCC_WARN_UNUSED_FUNCTION = YES;
				GCC_WARN_UNUSED_VARIABLE = YES;
				MACOSX_DEPLOYMENT_TARGET = 10.14;
				MTL_ENABLE_DEBUG_INFO = INCLUDE_SOURCE;
				MTL_FAST_MATH = YES;
				ONLY_ACTIVE_ARCH = YES;
				SDKROOT = macosx;
				SWIFT_ACTIVE_COMPILATION_CONDITIONS = DEBUG;
				SWIFT_OPTIMIZATION_LEVEL = "-Onone";
			};
			name = Debug;
		};
		F4DBA5DA23F4A06400438201 /* Release */ = {
			isa = XCBuildConfiguration;
			buildSettings = {
				ALWAYS_SEARCH_USER_PATHS = NO;
				CLANG_ANALYZER_NONNULL = YES;
				CLANG_ANALYZER_NUMBER_OBJECT_CONVERSION = YES_AGGRESSIVE;
				CLANG_CXX_LANGUAGE_STANDARD = "gnu++14";
				CLANG_CXX_LIBRARY = "libc++";
				CLANG_ENABLE_MODULES = YES;
				CLANG_ENABLE_OBJC_ARC = YES;
				CLANG_ENABLE_OBJC_WEAK = YES;
				CLANG_WARN_BLOCK_CAPTURE_AUTORELEASING = YES;
				CLANG_WARN_BOOL_CONVERSION = YES;
				CLANG_WARN_COMMA = YES;
				CLANG_WARN_CONSTANT_CONVERSION = YES;
				CLANG_WARN_DEPRECATED_OBJC_IMPLEMENTATIONS = YES;
				CLANG_WARN_DIRECT_OBJC_ISA_USAGE = YES_ERROR;
				CLANG_WARN_DOCUMENTATION_COMMENTS = YES;
				CLANG_WARN_EMPTY_BODY = YES;
				CLANG_WARN_ENUM_CONVERSION = YES;
				CLANG_WARN_INFINITE_RECURSION = YES;
				CLANG_WARN_INT_CONVERSION = YES;
				CLANG_WARN_NON_LITERAL_NULL_CONVERSION = YES;
				CLANG_WARN_OBJC_IMPLICIT_RETAIN_SELF = YES;
				CLANG_WARN_OBJC_LITERAL_CONVERSION = YES;
				CLANG_WARN_OBJC_ROOT_CLASS = YES_ERROR;
				CLANG_WARN_RANGE_LOOP_ANALYSIS = YES;
				CLANG_WARN_STRICT_PROTOTYPES = YES;
				CLANG_WARN_SUSPICIOUS_MOVE = YES;
				CLANG_WARN_UNGUARDED_AVAILABILITY = YES_AGGRESSIVE;
				CLANG_WARN_UNREACHABLE_CODE = YES;
				CLANG_WARN__DUPLICATE_METHOD_MATCH = YES;
				COPY_PHASE_STRIP = NO;
				DEBUG_INFORMATION_FORMAT = "dwarf-with-dsym";
				ENABLE_NS_ASSERTIONS = NO;
				ENABLE_STRICT_OBJC_MSGSEND = YES;
				GCC_C_LANGUAGE_STANDARD = gnu11;
				GCC_NO_COMMON_BLOCKS = YES;
				GCC_WARN_64_TO_32_BIT_CONVERSION = YES;
				GCC_WARN_ABOUT_RETURN_TYPE = YES_ERROR;
				GCC_WARN_UNDECLARED_SELECTOR = YES;
				GCC_WARN_UNINITIALIZED_AUTOS = YES_AGGRESSIVE;
				GCC_WARN_UNUSED_FUNCTION = YES;
				GCC_WARN_UNUSED_VARIABLE = YES;
				MACOSX_DEPLOYMENT_TARGET = 10.14;
				MTL_ENABLE_DEBUG_INFO = NO;
				MTL_FAST_MATH = YES;
				SDKROOT = macosx;
				SWIFT_COMPILATION_MODE = wholemodule;
				SWIFT_OPTIMIZATION_LEVEL = "-O";
			};
			name = Release;
		};
		F4DBA5DC23F4A06400438201 /* Debug */ = {
			isa = XCBuildConfiguration;
			buildSettings = {
				CODE_SIGN_STYLE = Automatic;
				PRODUCT_NAME = "$(TARGET_NAME)";
				SWIFT_VERSION = 5.0;
			};
			name = Debug;
		};
		F4DBA5DD23F4A06400438201 /* Release */ = {
			isa = XCBuildConfiguration;
			buildSettings = {
				CODE_SIGN_STYLE = Automatic;
				PRODUCT_NAME = "$(TARGET_NAME)";
				SWIFT_VERSION = 5.0;
			};
			name = Release;
		};
		F4DBA5E923F4A23800438201 /* Debug */ = {
			isa = XCBuildConfiguration;
			buildSettings = {
				CODE_SIGN_STYLE = Automatic;
				COMBINE_HIDPI_IMAGES = YES;
				INFOPLIST_FILE = Tests/Info.plist;
				LD_RUNPATH_SEARCH_PATHS = (
					"$(inherited)",
					"@executable_path/../Frameworks",
					"@loader_path/../Frameworks",
				);
				PRODUCT_BUNDLE_IDENTIFIER = dev.hdyson.Tests;
				PRODUCT_NAME = "$(TARGET_NAME)";
				SWIFT_VERSION = 5.0;
			};
			name = Debug;
		};
		F4DBA5EA23F4A23800438201 /* Release */ = {
			isa = XCBuildConfiguration;
			buildSettings = {
				CODE_SIGN_STYLE = Automatic;
				COMBINE_HIDPI_IMAGES = YES;
				INFOPLIST_FILE = Tests/Info.plist;
				LD_RUNPATH_SEARCH_PATHS = (
					"$(inherited)",
					"@executable_path/../Frameworks",
					"@loader_path/../Frameworks",
				);
				PRODUCT_BUNDLE_IDENTIFIER = dev.hdyson.Tests;
				PRODUCT_NAME = "$(TARGET_NAME)";
				SWIFT_VERSION = 5.0;
			};
			name = Release;
		};
/* End XCBuildConfiguration section */

/* Begin XCConfigurationList section */
		F4DBA5CF23F4A06400438201 /* Build configuration list for PBXProject "AdventOfCode" */ = {
			isa = XCConfigurationList;
			buildConfigurations = (
				F4DBA5D923F4A06400438201 /* Debug */,
				F4DBA5DA23F4A06400438201 /* Release */,
			);
			defaultConfigurationIsVisible = 0;
			defaultConfigurationName = Release;
		};
		F4DBA5DB23F4A06400438201 /* Build configuration list for PBXNativeTarget "AdventOfCode" */ = {
			isa = XCConfigurationList;
			buildConfigurations = (
				F4DBA5DC23F4A06400438201 /* Debug */,
				F4DBA5DD23F4A06400438201 /* Release */,
			);
			defaultConfigurationIsVisible = 0;
			defaultConfigurationName = Release;
		};
		F4DBA5E823F4A23800438201 /* Build configuration list for PBXNativeTarget "Tests" */ = {
			isa = XCConfigurationList;
			buildConfigurations = (
				F4DBA5E923F4A23800438201 /* Debug */,
				F4DBA5EA23F4A23800438201 /* Release */,
			);
			defaultConfigurationIsVisible = 0;
			defaultConfigurationName = Release;
		};
/* End XCConfigurationList section */
	};
	rootObject = F4DBA5CC23F4A06400438201 /* Project object */;
}
